{
	"R" : {
		"Version" : "4.2.1",
		"Repositories" : [
			{
				"Name" : "CRAN",
				"URL" : "https://cloud.r-project.org"
			}
		]
	},
	"Packages" : {
		"glue" : {
			"Package" : "glue",
			"Version" : "1.6.2",
			"Source" : "Repository",
			"Repository" : "CRAN"
		},
		"cli" : {
			"Package" : "cli",
			"Version" : "3.3.0",
			"Source" : "Repository",
			"Repository" : "CRAN"
		},
		"rlang" : {
			"Package" : "rlang",
			"Version" : "1.0.3",
			"Source" : "Repository",
			"Repository" : "CRAN"
		},
		"crayon" : {
			"Package" : "crayon",
			"Version" : "1.5.1",
			"Source" : "Repository",
			"Repository" : "CRAN"
		},
		"ellipsis" : {
			"Package" : "ellipsis",
			"Version" : "0.3.2",
			"Source" : "Repository",
			"Repository" : "CRAN"
		},
		"fansi" : {
			"Package" : "fansi",
			"Version" : "1.0.3",
			"Source" : "Repository",
			"Repository" : "CRAN"
		},
		"lifecycle" : {
			"Package" : "lifecycle",
			"Version" : "1.0.1",
			"Source" : "Repository",
			"Repository" : "CRAN"
		},
		"magrittr" : {
			"Package" : "magrittr",
			"Version" : "2.0.3",
			"Source" : "Repository",
			"Repository" : "CRAN"
		},
		"pkgconfig" : {
			"Package" : "pkgconfig",
			"Version" : "2.0.3",
			"Source" : "Repository",
			"Repository" : "CRAN"
		},
		"utf8" : {
			"Package" : "utf8",
			"Version" : "1.2.2",
			"Source" : "Repository",
			"Repository" : "CRAN"
		},
		"vctrs" : {
			"Package" : "vctrs",
			"Version" : "0.4.1",
			"Source" : "Repository",
			"Repository" : "CRAN"
		},
		"bit" : {
			"Package" : "bit",
			"Version" : "4.0.4",
			"Source" : "Repository",
			"Repository" : "CRAN"
		},
		"cpp11" : {
			"Package" : "cpp11",
			"Version" : "0.4.2",
			"Source" : "Repository",
			"Repository" : "CRAN"
		},
		"fastmap" : {
			"Package" : "fastmap",
			"Version" : "1.1.0",
			"Source" : "Repository",
			"Repository" : "CRAN"
		},
		"hms" : {
			"Package" : "hms",
			"Version" : "1.1.1",
			"Source" : "Repository",
			"Repository" : "CRAN"
		},
		"pillar" : {
			"Package" : "pillar",
			"Version" : "1.7.0",
			"Source" : "Repository",
			"Repository" : "CRAN"
		},
		"prettyunits" : {
			"Package" : "prettyunits",
			"Version" : "1.1.1",
			"Source" : "Repository",
			"Repository" : "CRAN"
		},
		"purrr" : {
			"Package" : "purrr",
			"Version" : "0.3.4",
			"Source" : "Repository",
			"Repository" : "CRAN"
		},
		"R6" : {
			"Package" : "R6",
			"Version" : "2.5.1",
			"Source" : "Repository",
			"Repository" : "CRAN"
		},
		"bit64" : {
			"Package" : "bit64",
			"Version" : "4.0.5",
			"Source" : "Repository",
			"Repository" : "CRAN"
		},
		"cachem" : {
			"Package" : "cachem",
			"Version" : "1.0.6",
			"Source" : "Repository",
			"Repository" : "CRAN"
		},
		"generics" : {
			"Package" : "generics",
			"Version" : "0.1.2",
			"Source" : "Repository",
			"Repository" : "CRAN"
		},
		"progress" : {
			"Package" : "progress",
			"Version" : "1.2.2",
			"Source" : "Repository",
			"Repository" : "CRAN"
		},
		"Rcpp" : {
			"Package" : "Rcpp",
			"Version" : "1.0.8.3",
			"Source" : "Repository",
			"Repository" : "CRAN"
		},
		"tibble" : {
			"Package" : "tibble",
			"Version" : "3.1.7",
			"Source" : "Repository",
			"Repository" : "CRAN"
		},
		"tidyselect" : {
			"Package" : "tidyselect",
			"Version" : "1.1.2",
			"Source" : "Repository",
			"Repository" : "CRAN"
		},
		"tzdb" : {
			"Package" : "tzdb",
			"Version" : "0.3.0",
			"Source" : "Repository",
			"Repository" : "CRAN"
		},
		"withr" : {
			"Package" : "withr",
			"Version" : "2.5.0",
			"Source" : "Repository",
			"Repository" : "CRAN"
		},
		"assertthat" : {
			"Package" : "assertthat",
			"Version" : "0.2.1",
			"Source" : "Repository",
			"Repository" : "CRAN"
		},
		"blob" : {
			"Package" : "blob",
			"Version" : "1.2.3",
			"Source" : "Repository",
			"Repository" : "CRAN"
		},
		"clipr" : {
			"Package" : "clipr",
			"Version" : "0.8.0",
			"Source" : "Repository",
			"Repository" : "CRAN"
		},
		"DBI" : {
			"Package" : "DBI",
			"Version" : "1.1.3",
			"Source" : "Repository",
			"Repository" : "CRAN"
		},
		"dplyr" : {
			"Package" : "dplyr",
			"Version" : "1.0.9",
			"Source" : "Repository",
			"Repository" : "CRAN"
		},
		"memoise" : {
			"Package" : "memoise",
			"Version" : "2.0.1",
			"Source" : "Repository",
			"Repository" : "CRAN"
		},
		"plogr" : {
			"Package" : "plogr",
			"Version" : "0.2.0",
			"Source" : "Repository",
			"Repository" : "CRAN"
		},
		"rJava" : {
			"Package" : "rJava",
			"Version" : "1.0-6",
			"Source" : "Repository",
			"Repository" : "CRAN"
		},
		"stringi" : {
			"Package" : "stringi",
			"Version" : "1.7.6",
			"Source" : "Repository",
			"Repository" : "CRAN"
		},
		"triebeard" : {
			"Package" : "triebeard",
			"Version" : "0.3.0",
			"Source" : "Repository",
			"Repository" : "CRAN"
		},
		"vroom" : {
			"Package" : "vroom",
			"Version" : "1.5.7",
			"Source" : "Repository",
			"Repository" : "CRAN"
		},
		"backports" : {
			"Package" : "backports",
			"Version" : "1.4.1",
			"Source" : "Repository",
			"Repository" : "CRAN"
		},
		"dbplyr" : {
			"Package" : "dbplyr",
			"Version" : "2.2.1",
			"Source" : "Repository",
			"Repository" : "CRAN"
		},
		"jsonlite" : {
			"Package" : "jsonlite",
			"Version" : "1.8.0",
			"Source" : "Repository",
			"Repository" : "CRAN"
		},
		"readr" : {
			"Package" : "readr",
			"Version" : "2.1.2",
			"Source" : "Repository",
			"Repository" : "CRAN"
		},
		"RSQLite" : {
			"Package" : "RSQLite",
			"Version" : "2.2.14",
			"Source" : "Repository",
			"Repository" : "CRAN"
		},
		"snow" : {
			"Package" : "snow",
			"Version" : "0.4-4",
			"Source" : "Repository",
			"Repository" : "CRAN"
		},
		"SqlRender" : {
			"Package" : "SqlRender",
			"Version" : "1.9.1",
			"Source" : "Repository",
			"Repository" : "CRAN"
		},
		"stringr" : {
			"Package" : "stringr",
			"Version" : "1.4.0",
			"Source" : "Repository",
			"Repository" : "CRAN"
		},
		"sys" : {
			"Package" : "sys",
			"Version" : "3.4",
			"Source" : "Repository",
			"Repository" : "CRAN"
		},
		"urltools" : {
			"Package" : "urltools",
			"Version" : "1.7.3",
			"Source" : "Repository",
			"Repository" : "CRAN"
		},
		"xml2" : {
			"Package" : "xml2",
			"Version" : "1.3.3",
			"Source" : "Repository",
			"Repository" : "CRAN"
		},
		"zip" : {
			"Package" : "zip",
			"Version" : "2.2.0",
			"Source" : "Repository",
			"Repository" : "CRAN"
		},
		"Andromeda" : {
			"Package" : "Andromeda",
			"Version" : "0.6.1",
			"Source" : "Repository",
			"Repository" : "CRAN"
		},
		"askpass" : {
			"Package" : "askpass",
			"Version" : "1.1",
			"Source" : "Repository",
			"Repository" : "CRAN"
		},
		"checkmate" : {
			"Package" : "checkmate",
			"Version" : "2.1.0",
			"Source" : "Repository",
			"Repository" : "CRAN"
		},
		"DatabaseConnector" : {
			"Package" : "DatabaseConnector",
			"Version" : "5.0.4",
			"Source" : "Repository",
			"Repository" : "CRAN"
		},
		"digest" : {
			"Package" : "digest",
			"Version" : "0.6.29",
			"Source" : "Repository",
			"Repository" : "CRAN"
		},
		"lubridate" : {
			"Package" : "lubridate",
			"Version" : "1.8.0",
			"Source" : "Repository",
			"Repository" : "CRAN"
		},
		"ParallelLogger" : {
			"Package" : "ParallelLogger",
			"Version" : "3.0.1",
			"Source" : "Repository",
			"Repository" : "CRAN"
		},
		"RJSONIO" : {
			"Package" : "RJSONIO",
			"Version" : "1.3-1.6",
			"Source" : "Repository",
			"Repository" : "CRAN"
		},
		"clock" : {
			"Package" : "clock",
			"Version" : "0.6.0",
			"Source" : "Repository",
			"Repository" : "CRAN"
		},
		"filelock" : {
			"Package" : "filelock",
			"Version" : "1.0.2",
			"Source" : "Repository",
			"Repository" : "CRAN"
		},
		"openssl" : {
			"Package" : "openssl",
			"Version" : "2.0.2",
			"Source" : "Repository",
			"Repository" : "CRAN"
		},
		"rappdirs" : {
			"Package" : "rappdirs",
			"Version" : "0.3.3",
			"Source" : "Repository",
			"Repository" : "CRAN"
		},
		"sodium" : {
			"Package" : "sodium",
			"Version" : "1.2.1",
			"Source" : "Repository",
			"Repository" : "CRAN"
		},
		"tidyr" : {
			"Package" : "tidyr",
			"Version" : "1.2.0",
			"Source" : "Repository",
			"Repository" : "CRAN"
		},
		"yaml" : {
			"Package" : "yaml",
			"Version" : "2.3.5",
			"Source" : "Repository",
			"Repository" : "CRAN"
		},
		"keyring" : {
			"Package" : "keyring",
			"Version" : "1.3.0",
			"Source" : "Repository",
			"Repository" : "CRAN"
		},
		"renv" : {
			"Package" : "renv",
			"Version" : "0.15.5",
			"Source" : "Repository",
			"Repository" : "CRAN"
		},
		"CohortGenerator" : {
			"Package" : "CohortGenerator",
			"Version" : "0.5.0",
			"Source" : "GitHub",
			"RemoteType" : "github",
			"RemoteHost" : "api.github.com",
			"RemoteRepo" : "CohortGenerator",
			"RemoteUsername" : "ohdsi",
			"RemoteRef" : "v0.5.0"
		},
		"FeatureExtraction" : {
			"Package" : "FeatureExtraction",
			"Version" : "3.2.0",
			"Source" : "GitHub",
			"RemoteType" : "github",
			"RemoteHost" : "api.github.com",
			"RemoteRepo" : "FeatureExtraction",
			"RemoteUsername" : "ohdsi",
			"RemoteRef" : "v3.2.0"
		},
		"CohortDiagnostics" : {
			"Package" : "CohortDiagnostics",
			"Version" : "3.0.1",
			"Source" : "GitHub",
			"RemoteType" : "github",
			"RemoteHost" : "api.github.com",
			"RemoteRepo" : "CohortDiagnostics",
			"RemoteUsername" : "ohdsi",
			"RemoteRef" : "v3.0.1"
		},
		"OhdsiSharing" : {
			"Package" : "OhdsiSharing",
			"Version" : "0.2.2",
			"Source" : "GitHub",
			"RemoteType" : "github",
			"RemoteHost" : "api.github.com",
			"RemoteRepo" : "OhdsiSharing",
			"RemoteUsername" : "ohdsi",
			"RemoteRef" : "v0.2.2"
		}
	}
}
